
Microsoft Visual Studio Solution File, Format Version 12.00
# Visual Studio 15
VisualStudioVersion = 15.0.28307.271
MinimumVisualStudioVersion = 10.0.40219.1
Project("{FAE04EC0-301F-11D3-BF4B-00C04F79EFBC}") = "AnegaNonLinearCurvesHelper", "AnegaNonLinearCurvesHelper\AnegaNonLinearCurvesHelper.csproj", "{437DF3E6-312C-425D-A6D2-556D4C060781}"
EndProject
Global
	GlobalSection(SolutionConfigurationPlatforms) = preSolution
		Debug|Any CPU = Debug|Any CPU
		Release|Any CPU = Release|Any CPU
	EndGlobalSection
	GlobalSection(ProjectConfigurationPlatforms) = postSolution
		{437DF3E6-312C-425D-A6D2-556D4C060781}.Debug|Any CPU.ActiveCfg = Debug|Any CPU
		{437DF3E6-312C-425D-A6D2-556D4C060781}.Debug|Any CPU.Build.0 = Debug|Any CPU
		{437DF3E6-312C-425D-A6D2-556D4C060781}.Release|Any CPU.ActiveCfg = Release|Any CPU
		{437DF3E6-312C-425D-A6D2-556D4C060781}.Release|Any CPU.Build.0 = Release|Any CPU
	EndGlobalSection
	GlobalSection(SolutionProperties) = preSolution
		HideSolutionNode = FALSE
	EndGlobalSection
	GlobalSection(ExtensibilityGlobals) = postSolution
		SolutionGuid = {CAD557F8-4033-493A-B744-AB209AD4653A}
	EndGlobalSection
EndGlobal
